
Microsoft Visual Studio Solution File, Format Version 12.00
# Visual Studio Version 16
VisualStudioVersion = 16.0.31129.286
MinimumVisualStudioVersion = 10.0.40219.1
Project("{9A19103F-16F7-4668-BE54-9A1E7A4F7556}") = "Switch", "Switch\Switch.csproj", "{4ACF8AF7-3737-46D8-94E8-4C71D4134FDB}"
EndProject
Project("{9A19103F-16F7-4668-BE54-9A1E7A4F7556}") = "WhileLoops", "WhileLoop\WhileLoops.csproj", "{56F827B9-01BC-4BA2-A2B7-FFC807D3049C}"
EndProject
Project("{9A19103F-16F7-4668-BE54-9A1E7A4F7556}") = "ForLoops", "ForLoops\ForLoops.csproj", "{E462B326-683D-4701-8973-FCE586830D62}"
EndProject
Project("{9A19103F-16F7-4668-BE54-9A1E7A4F7556}") = "MethodsBasics", "MethodsBasics\MethodsBasics.csproj", "{4E09B44F-5CBE-420F-9587-FE2FC4941DAB}"
EndProject
Project("{9A19103F-16F7-4668-BE54-9A1E7A4F7556}") = "MethodParameters", "ConsoleApp1\MethodParameters.csproj", "{D9B5B4E9-E0AD-4183-B7F1-58C9970E22C2}"
EndProject
Project("{9A19103F-16F7-4668-BE54-9A1E7A4F7556}") = "OutParameter", "OutParameter\OutParameter.csproj", "{6F5EBCD2-160F-4DDB-B7B1-AF8337E9DA5D}"
EndProject
Project("{9A19103F-16F7-4668-BE54-9A1E7A4F7556}") = "ParamsParameter", "ParamsParameter\ParamsParameter.csproj", "{46DF4A79-8E89-460A-A55B-5BB16A359631}"
EndProject
Project("{9A19103F-16F7-4668-BE54-9A1E7A4F7556}") = "Namespaces", "Namespaces\Namespaces.csproj", "{1C1CEB38-0108-4C4C-9923-AF5A10DCB489}"
EndProject
Project("{9A19103F-16F7-4668-BE54-9A1E7A4F7556}") = "Classes", "Classes\Classes.csproj", "{FBB3A5A0-1476-4423-B0CC-33098A5D7A98}"
EndProject
Project("{9A19103F-16F7-4668-BE54-9A1E7A4F7556}") = "StaticInstanceClassMembers", "StaticInstanceClassMembers\StaticInstanceClassMembers.csproj", "{67414935-B220-4A4F-BBAC-D5B4821DEFFD}"
EndProject
Project("{9A19103F-16F7-4668-BE54-9A1E7A4F7556}") = "Inheritance", "Inheritance\Inheritance.csproj", "{4A6C8FD0-2D54-47A8-9584-827B8F67E59C}"
EndProject
Project("{9A19103F-16F7-4668-BE54-9A1E7A4F7556}") = "InheritancePt2", "InheritancePt2\InheritancePt2.csproj", "{18F84337-639A-426C-8456-5906BD0744A5}"
EndProject
Project("{9A19103F-16F7-4668-BE54-9A1E7A4F7556}") = "MethodHiding", "MethodHiding\MethodHiding.csproj", "{DE31ACC6-816E-4260-899F-6C63F8351B96}"
EndProject
Project("{9A19103F-16F7-4668-BE54-9A1E7A4F7556}") = "Polymorphism", "Polymorphism\Polymorphism.csproj", "{27F5B08B-D1FF-4C78-81ED-D7A1DB359D28}"
EndProject
Project("{9A19103F-16F7-4668-BE54-9A1E7A4F7556}") = "OverridingVsHiding", "OverridingVsHiding\OverridingVsHiding.csproj", "{6BFF40BA-154C-49E2-8F2C-C1DAD413EA57}"
EndProject
Project("{9A19103F-16F7-4668-BE54-9A1E7A4F7556}") = "MethodOverloading", "MethodOverloading\MethodOverloading.csproj", "{A28A29CA-70AF-4FD3-BABA-12E888DC82FE}"
EndProject
Project("{9A19103F-16F7-4668-BE54-9A1E7A4F7556}") = "WhyProperties", "WhyProperties\WhyProperties.csproj", "{AF4727A6-89F6-4361-A7A0-89C971BB9F07}"
EndProject
Project("{9A19103F-16F7-4668-BE54-9A1E7A4F7556}") = "Properties", "Properties\Properties.csproj", "{C6082C0E-EA3D-493F-8398-5DEC09A9A02A}"
EndProject
Project("{9A19103F-16F7-4668-BE54-9A1E7A4F7556}") = "Structs", "Structs\Structs.csproj", "{E599E4AB-D6C5-4EF8-B2E4-0B575000177D}"
EndProject
Project("{9A19103F-16F7-4668-BE54-9A1E7A4F7556}") = "StructVSClass", "StructVSClass\StructVSClass.csproj", "{92C5CD7A-7E2F-48E4-850C-CE2867A4D742}"
EndProject
Project("{9A19103F-16F7-4668-BE54-9A1E7A4F7556}") = "Interfaces", "Interfaces\Interfaces.csproj", "{54BFE8C3-5596-4DAA-811D-4A4BD1DEA7A9}"
EndProject
Project("{9A19103F-16F7-4668-BE54-9A1E7A4F7556}") = "Interfaces2", "Interfaces2\Interfaces2.csproj", "{A7BBFF99-FE3B-4170-9A4A-2AD79C5E8AF0}"
EndProject
Project("{9A19103F-16F7-4668-BE54-9A1E7A4F7556}") = "AbstractClass", "AbstractClass\AbstractClass.csproj", "{E1B3D165-B5B4-491A-95B2-C2BB96CF4318}"
EndProject
Project("{9A19103F-16F7-4668-BE54-9A1E7A4F7556}") = "AbstractClass2", "AbstractClass2\AbstractClass2.csproj", "{0ABDD835-D014-481B-B3BB-3B41B90C940F}"
EndProject
Project("{9A19103F-16F7-4668-BE54-9A1E7A4F7556}") = "InheritanceProblemWithMultipleInheritance", "ProblemWithMultipleInheritance\InheritanceProblemWithMultipleInheritance.csproj", "{85835BCD-4F6F-436B-ADA2-5AE5ED334F20}"
EndProject
Project("{9A19103F-16F7-4668-BE54-9A1E7A4F7556}") = "InheritanceInterfaces", "InheritanceInterfaces\InheritanceInterfaces.csproj", "{2424A7AD-D04B-4E53-8716-4CCD035EDA62}"
EndProject
Project("{9A19103F-16F7-4668-BE54-9A1E7A4F7556}") = "DelegatesBasics", "DelegatesBasics\DelegatesBasics.csproj", "{41598DED-3B53-4A94-8CD8-3C32A5057C29}"
EndProject
Project("{9A19103F-16F7-4668-BE54-9A1E7A4F7556}") = "DelegatesHowToUse", "DelegatesHowToUse\DelegatesHowToUse.csproj", "{BBC46882-363C-4D5A-82F9-0C5CCD3FAE02}"
EndProject
Project("{9A19103F-16F7-4668-BE54-9A1E7A4F7556}") = "DelegatesMulticast", "DelegatesMulticast\DelegatesMulticast.csproj", "{3B0A24A5-A69E-4905-9A79-0AA5E3AFE7E4}"
EndProject
Project("{9A19103F-16F7-4668-BE54-9A1E7A4F7556}") = "ExceptionHandling", "ExceptionHandling\ExceptionHandling.csproj", "{68EB59E9-FD22-4783-9571-CDC0237C781E}"
EndProject
Project("{9A19103F-16F7-4668-BE54-9A1E7A4F7556}") = "ExceptionInner", "ExceptionInner\ExceptionInner.csproj", "{4EE3E68F-1F1C-471E-8164-7A3D2C278057}"
EndProject
Project("{9A19103F-16F7-4668-BE54-9A1E7A4F7556}") = "ExceptionCustom", "ExceptionCustom\ExceptionCustom.csproj", "{099689CE-5178-44FB-BE39-A36DCE9F3FB3}"
EndProject
Project("{9A19103F-16F7-4668-BE54-9A1E7A4F7556}") = "ExceptionHandlingAbuse", "ExceptionHandlingAbuse\ExceptionHandlingAbuse.csproj", "{71C147E2-6BDB-4DD6-B594-25765DD40BF6}"
EndProject
Project("{9A19103F-16F7-4668-BE54-9A1E7A4F7556}") = "ExceptionHandlingAbuseHowToDoInstead", "ExceptionHandlingAbuseHowToDoInstead\ExceptionHandlingAbuseHowToDoInstead.csproj", "{5FD85872-A272-4C0C-A9CA-F794C8DEAEA5}"
EndProject
Project("{9A19103F-16F7-4668-BE54-9A1E7A4F7556}") = "EnumsWhy", "EnumsWhy\EnumsWhy.csproj", "{2D9735AE-5975-4E6A-A41A-A79783FF4202}"
EndProject
Project("{9A19103F-16F7-4668-BE54-9A1E7A4F7556}") = "EnumsExample", "EnumsExample\EnumsExample.csproj", "{3C552975-D849-46B9-9EF7-51B59C754C22}"
EndProject
Project("{9A19103F-16F7-4668-BE54-9A1E7A4F7556}") = "EnumTutorials", "EnumTutorials\EnumTutorials.csproj", "{A8F97280-7637-49CA-8B71-C96F6B790FAB}"
EndProject
Project("{9A19103F-16F7-4668-BE54-9A1E7A4F7556}") = "TypeVsTypeMembers", "TypeVsTypeMembers\TypeVsTypeMembers.csproj", "{3523E1EB-BD25-4F93-A235-E6321A819C30}"
EndProject
Project("{9A19103F-16F7-4668-BE54-9A1E7A4F7556}") = "PublicAccessors", "PublicAccessors\PublicAccessors.csproj", "{DC8C9DD0-3B14-40B2-876F-4539847E86BD}"
EndProject
Project("{9A19103F-16F7-4668-BE54-9A1E7A4F7556}") = "PublicAccessorsInternalProtected", "PublicAccessorsInternalProtected\PublicAccessorsInternalProtected.csproj", "{CDA6B66B-46CB-4CC3-83E6-9F6482100EEB}"
EndProject
Project("{9A19103F-16F7-4668-BE54-9A1E7A4F7556}") = "PublicAccessorsInternal ProtectedClassLibrary", "PublicAccessorsInternal ProtectedClassLibrary\PublicAccessorsInternal ProtectedClassLibrary.csproj", "{41374AE8-6586-4A32-92C2-A38C7ABC0DB2}"
EndProject
Project("{9A19103F-16F7-4668-BE54-9A1E7A4F7556}") = "PublicAccessorPrivateProtected", "PublicAccessorPrivateProtected\PublicAccessorPrivateProtected.csproj", "{E48BFA7D-1AC7-4442-ABD6-6F931F6B356B}"
EndProject
Project("{9A19103F-16F7-4668-BE54-9A1E7A4F7556}") = "Attributes", "Attributes\Attributes.csproj", "{9257A908-87CA-4DB8-ACCA-8923F45265F1}"
EndProject
Project("{9A19103F-16F7-4668-BE54-9A1E7A4F7556}") = "Reflection", "Reflection\Reflection.csproj", "{65959C06-6277-401F-9644-AAF1BC4AB67B}"
EndProject
Project("{9A19103F-16F7-4668-BE54-9A1E7A4F7556}") = "ReflectionExample", "ReflectionExample\ReflectionExample.csproj", "{BC655EF8-A1B2-48E3-8B94-A1F7399280E6}"
EndProject
Project("{9A19103F-16F7-4668-BE54-9A1E7A4F7556}") = "ReflectionEarlyLateBinding", "ReflectionEarlyLateBinding\ReflectionEarlyLateBinding.csproj", "{CA0BF3DF-56D5-485A-8832-666335FF42C2}"
EndProject
Project("{9A19103F-16F7-4668-BE54-9A1E7A4F7556}") = "Generics", "Generics\Generics.csproj", "{E4EDA424-BF15-4104-8448-0F99C12C6649}"
EndProject
Project("{9A19103F-16F7-4668-BE54-9A1E7A4F7556}") = "ToStringMethod", "ToStringMethod\ToStringMethod.csproj", "{82EA8CCE-2E1A-41EA-B36B-C18A8166BEF2}"
EndProject
Project("{9A19103F-16F7-4668-BE54-9A1E7A4F7556}") = "EqualsMethodOverride", "EqualsMethodOverride\EqualsMethodOverride.csproj", "{BB5D312F-4262-4B2A-A813-B4EDED627553}"
EndProject
Project("{9A19103F-16F7-4668-BE54-9A1E7A4F7556}") = "ConvertToStringVsToStringMethod", "ConvertToStringVsToStringMethod\ConvertToStringVsToStringMethod.csproj", "{99A48A7A-C34A-45E8-B49A-4A638DBF0F04}"
EndProject
Project("{9A19103F-16F7-4668-BE54-9A1E7A4F7556}") = "StringVsStringBuilder", "StringVsStringBuilder\StringVsStringBuilder.csproj", "{7C120DBA-0639-46C6-B197-5593726A47A5}"
EndProject
Project("{FAE04EC0-301F-11D3-BF4B-00C04F79EFBC}") = "PartialClasses", "PartialClasses\PartialClasses.csproj", "{3F056717-C63E-4C14-BEF6-D2A5C8A6A799}"
EndProject
Project("{9A19103F-16F7-4668-BE54-9A1E7A4F7556}") = "PartialClassForms", "PartialClassForms\PartialClassForms.csproj", "{31ADDB84-A321-430A-A3D8-85D182853314}"
EndProject
Project("{FAE04EC0-301F-11D3-BF4B-00C04F79EFBC}") = "PartialMethod", "PartialMethod\PartialMethod.csproj", "{00E5D552-48DF-406F-A0FA-8ECEDD3B7038}"
EndProject
Project("{FAE04EC0-301F-11D3-BF4B-00C04F79EFBC}") = "OptionalParametersArrays", "OptionalParametersArrays\OptionalParametersArrays.csproj", "{C79B74FB-B026-481A-A1A9-634E7D921C70}"
EndProject
Project("{FAE04EC0-301F-11D3-BF4B-00C04F79EFBC}") = "OptionalParametersOverloading", "OptionalParametersOverloading\OptionalParametersOverloading.csproj", "{2C010F1D-F747-4D6A-962F-FFF055CFC6F9}"
EndProject
Project("{FAE04EC0-301F-11D3-BF4B-00C04F79EFBC}") = "OptionalParametersDefaultParms", "OptionalParametersDefaultParms\OptionalParametersDefaultParms.csproj", "{87C31A9E-A1A7-4DCD-9E15-A1E08C7A72C8}"
EndProject
Project("{FAE04EC0-301F-11D3-BF4B-00C04F79EFBC}") = "OptionalParametersOptionalAttribute", "OptionalParametersOptionalAttribute\OptionalParametersOptionalAttribute.csproj", "{B092B823-377C-42F9-B752-0107B4D09499}"
EndProject
Global
	GlobalSection(SolutionConfigurationPlatforms) = preSolution
		Debug|Any CPU = Debug|Any CPU
		Release|Any CPU = Release|Any CPU
	EndGlobalSection
	GlobalSection(ProjectConfigurationPlatforms) = postSolution
		{4ACF8AF7-3737-46D8-94E8-4C71D4134FDB}.Debug|Any CPU.ActiveCfg = Debug|Any CPU
		{4ACF8AF7-3737-46D8-94E8-4C71D4134FDB}.Debug|Any CPU.Build.0 = Debug|Any CPU
		{4ACF8AF7-3737-46D8-94E8-4C71D4134FDB}.Release|Any CPU.ActiveCfg = Release|Any CPU
		{4ACF8AF7-3737-46D8-94E8-4C71D4134FDB}.Release|Any CPU.Build.0 = Release|Any CPU
		{56F827B9-01BC-4BA2-A2B7-FFC807D3049C}.Debug|Any CPU.ActiveCfg = Debug|Any CPU
		{56F827B9-01BC-4BA2-A2B7-FFC807D3049C}.Debug|Any CPU.Build.0 = Debug|Any CPU
		{56F827B9-01BC-4BA2-A2B7-FFC807D3049C}.Release|Any CPU.ActiveCfg = Release|Any CPU
		{56F827B9-01BC-4BA2-A2B7-FFC807D3049C}.Release|Any CPU.Build.0 = Release|Any CPU
		{E462B326-683D-4701-8973-FCE586830D62}.Debug|Any CPU.ActiveCfg = Debug|Any CPU
		{E462B326-683D-4701-8973-FCE586830D62}.Debug|Any CPU.Build.0 = Debug|Any CPU
		{E462B326-683D-4701-8973-FCE586830D62}.Release|Any CPU.ActiveCfg = Release|Any CPU
		{E462B326-683D-4701-8973-FCE586830D62}.Release|Any CPU.Build.0 = Release|Any CPU
		{4E09B44F-5CBE-420F-9587-FE2FC4941DAB}.Debug|Any CPU.ActiveCfg = Debug|Any CPU
		{4E09B44F-5CBE-420F-9587-FE2FC4941DAB}.Debug|Any CPU.Build.0 = Debug|Any CPU
		{4E09B44F-5CBE-420F-9587-FE2FC4941DAB}.Release|Any CPU.ActiveCfg = Release|Any CPU
		{4E09B44F-5CBE-420F-9587-FE2FC4941DAB}.Release|Any CPU.Build.0 = Release|Any CPU
		{D9B5B4E9-E0AD-4183-B7F1-58C9970E22C2}.Debug|Any CPU.ActiveCfg = Debug|Any CPU
		{D9B5B4E9-E0AD-4183-B7F1-58C9970E22C2}.Debug|Any CPU.Build.0 = Debug|Any CPU
		{D9B5B4E9-E0AD-4183-B7F1-58C9970E22C2}.Release|Any CPU.ActiveCfg = Release|Any CPU
		{D9B5B4E9-E0AD-4183-B7F1-58C9970E22C2}.Release|Any CPU.Build.0 = Release|Any CPU
		{6F5EBCD2-160F-4DDB-B7B1-AF8337E9DA5D}.Debug|Any CPU.ActiveCfg = Debug|Any CPU
		{6F5EBCD2-160F-4DDB-B7B1-AF8337E9DA5D}.Debug|Any CPU.Build.0 = Debug|Any CPU
		{6F5EBCD2-160F-4DDB-B7B1-AF8337E9DA5D}.Release|Any CPU.ActiveCfg = Release|Any CPU
		{6F5EBCD2-160F-4DDB-B7B1-AF8337E9DA5D}.Release|Any CPU.Build.0 = Release|Any CPU
		{46DF4A79-8E89-460A-A55B-5BB16A359631}.Debug|Any CPU.ActiveCfg = Debug|Any CPU
		{46DF4A79-8E89-460A-A55B-5BB16A359631}.Debug|Any CPU.Build.0 = Debug|Any CPU
		{46DF4A79-8E89-460A-A55B-5BB16A359631}.Release|Any CPU.ActiveCfg = Release|Any CPU
		{46DF4A79-8E89-460A-A55B-5BB16A359631}.Release|Any CPU.Build.0 = Release|Any CPU
		{1C1CEB38-0108-4C4C-9923-AF5A10DCB489}.Debug|Any CPU.ActiveCfg = Debug|Any CPU
		{1C1CEB38-0108-4C4C-9923-AF5A10DCB489}.Debug|Any CPU.Build.0 = Debug|Any CPU
		{1C1CEB38-0108-4C4C-9923-AF5A10DCB489}.Release|Any CPU.ActiveCfg = Release|Any CPU
		{1C1CEB38-0108-4C4C-9923-AF5A10DCB489}.Release|Any CPU.Build.0 = Release|Any CPU
		{FBB3A5A0-1476-4423-B0CC-33098A5D7A98}.Debug|Any CPU.ActiveCfg = Debug|Any CPU
		{FBB3A5A0-1476-4423-B0CC-33098A5D7A98}.Debug|Any CPU.Build.0 = Debug|Any CPU
		{FBB3A5A0-1476-4423-B0CC-33098A5D7A98}.Release|Any CPU.ActiveCfg = Release|Any CPU
		{FBB3A5A0-1476-4423-B0CC-33098A5D7A98}.Release|Any CPU.Build.0 = Release|Any CPU
		{67414935-B220-4A4F-BBAC-D5B4821DEFFD}.Debug|Any CPU.ActiveCfg = Debug|Any CPU
		{67414935-B220-4A4F-BBAC-D5B4821DEFFD}.Debug|Any CPU.Build.0 = Debug|Any CPU
		{67414935-B220-4A4F-BBAC-D5B4821DEFFD}.Release|Any CPU.ActiveCfg = Release|Any CPU
		{67414935-B220-4A4F-BBAC-D5B4821DEFFD}.Release|Any CPU.Build.0 = Release|Any CPU
		{4A6C8FD0-2D54-47A8-9584-827B8F67E59C}.Debug|Any CPU.ActiveCfg = Debug|Any CPU
		{4A6C8FD0-2D54-47A8-9584-827B8F67E59C}.Debug|Any CPU.Build.0 = Debug|Any CPU
		{4A6C8FD0-2D54-47A8-9584-827B8F67E59C}.Release|Any CPU.ActiveCfg = Release|Any CPU
		{4A6C8FD0-2D54-47A8-9584-827B8F67E59C}.Release|Any CPU.Build.0 = Release|Any CPU
		{18F84337-639A-426C-8456-5906BD0744A5}.Debug|Any CPU.ActiveCfg = Debug|Any CPU
		{18F84337-639A-426C-8456-5906BD0744A5}.Debug|Any CPU.Build.0 = Debug|Any CPU
		{18F84337-639A-426C-8456-5906BD0744A5}.Release|Any CPU.ActiveCfg = Release|Any CPU
		{18F84337-639A-426C-8456-5906BD0744A5}.Release|Any CPU.Build.0 = Release|Any CPU
		{DE31ACC6-816E-4260-899F-6C63F8351B96}.Debug|Any CPU.ActiveCfg = Debug|Any CPU
		{DE31ACC6-816E-4260-899F-6C63F8351B96}.Debug|Any CPU.Build.0 = Debug|Any CPU
		{DE31ACC6-816E-4260-899F-6C63F8351B96}.Release|Any CPU.ActiveCfg = Release|Any CPU
		{DE31ACC6-816E-4260-899F-6C63F8351B96}.Release|Any CPU.Build.0 = Release|Any CPU
		{27F5B08B-D1FF-4C78-81ED-D7A1DB359D28}.Debug|Any CPU.ActiveCfg = Debug|Any CPU
		{27F5B08B-D1FF-4C78-81ED-D7A1DB359D28}.Debug|Any CPU.Build.0 = Debug|Any CPU
		{27F5B08B-D1FF-4C78-81ED-D7A1DB359D28}.Release|Any CPU.ActiveCfg = Release|Any CPU
		{27F5B08B-D1FF-4C78-81ED-D7A1DB359D28}.Release|Any CPU.Build.0 = Release|Any CPU
		{6BFF40BA-154C-49E2-8F2C-C1DAD413EA57}.Debug|Any CPU.ActiveCfg = Debug|Any CPU
		{6BFF40BA-154C-49E2-8F2C-C1DAD413EA57}.Debug|Any CPU.Build.0 = Debug|Any CPU
		{6BFF40BA-154C-49E2-8F2C-C1DAD413EA57}.Release|Any CPU.ActiveCfg = Release|Any CPU
		{6BFF40BA-154C-49E2-8F2C-C1DAD413EA57}.Release|Any CPU.Build.0 = Release|Any CPU
		{A28A29CA-70AF-4FD3-BABA-12E888DC82FE}.Debug|Any CPU.ActiveCfg = Debug|Any CPU
		{A28A29CA-70AF-4FD3-BABA-12E888DC82FE}.Debug|Any CPU.Build.0 = Debug|Any CPU
		{A28A29CA-70AF-4FD3-BABA-12E888DC82FE}.Release|Any CPU.ActiveCfg = Release|Any CPU
		{A28A29CA-70AF-4FD3-BABA-12E888DC82FE}.Release|Any CPU.Build.0 = Release|Any CPU
		{AF4727A6-89F6-4361-A7A0-89C971BB9F07}.Debug|Any CPU.ActiveCfg = Debug|Any CPU
		{AF4727A6-89F6-4361-A7A0-89C971BB9F07}.Debug|Any CPU.Build.0 = Debug|Any CPU
		{AF4727A6-89F6-4361-A7A0-89C971BB9F07}.Release|Any CPU.ActiveCfg = Release|Any CPU
		{AF4727A6-89F6-4361-A7A0-89C971BB9F07}.Release|Any CPU.Build.0 = Release|Any CPU
		{C6082C0E-EA3D-493F-8398-5DEC09A9A02A}.Debug|Any CPU.ActiveCfg = Debug|Any CPU
		{C6082C0E-EA3D-493F-8398-5DEC09A9A02A}.Debug|Any CPU.Build.0 = Debug|Any CPU
		{C6082C0E-EA3D-493F-8398-5DEC09A9A02A}.Release|Any CPU.ActiveCfg = Release|Any CPU
		{C6082C0E-EA3D-493F-8398-5DEC09A9A02A}.Release|Any CPU.Build.0 = Release|Any CPU
		{E599E4AB-D6C5-4EF8-B2E4-0B575000177D}.Debug|Any CPU.ActiveCfg = Debug|Any CPU
		{E599E4AB-D6C5-4EF8-B2E4-0B575000177D}.Debug|Any CPU.Build.0 = Debug|Any CPU
		{E599E4AB-D6C5-4EF8-B2E4-0B575000177D}.Release|Any CPU.ActiveCfg = Release|Any CPU
		{E599E4AB-D6C5-4EF8-B2E4-0B575000177D}.Release|Any CPU.Build.0 = Release|Any CPU
		{92C5CD7A-7E2F-48E4-850C-CE2867A4D742}.Debug|Any CPU.ActiveCfg = Debug|Any CPU
		{92C5CD7A-7E2F-48E4-850C-CE2867A4D742}.Debug|Any CPU.Build.0 = Debug|Any CPU
		{92C5CD7A-7E2F-48E4-850C-CE2867A4D742}.Release|Any CPU.ActiveCfg = Release|Any CPU
		{92C5CD7A-7E2F-48E4-850C-CE2867A4D742}.Release|Any CPU.Build.0 = Release|Any CPU
		{54BFE8C3-5596-4DAA-811D-4A4BD1DEA7A9}.Debug|Any CPU.ActiveCfg = Debug|Any CPU
		{54BFE8C3-5596-4DAA-811D-4A4BD1DEA7A9}.Debug|Any CPU.Build.0 = Debug|Any CPU
		{54BFE8C3-5596-4DAA-811D-4A4BD1DEA7A9}.Release|Any CPU.ActiveCfg = Release|Any CPU
		{54BFE8C3-5596-4DAA-811D-4A4BD1DEA7A9}.Release|Any CPU.Build.0 = Release|Any CPU
		{A7BBFF99-FE3B-4170-9A4A-2AD79C5E8AF0}.Debug|Any CPU.ActiveCfg = Debug|Any CPU
		{A7BBFF99-FE3B-4170-9A4A-2AD79C5E8AF0}.Debug|Any CPU.Build.0 = Debug|Any CPU
		{A7BBFF99-FE3B-4170-9A4A-2AD79C5E8AF0}.Release|Any CPU.ActiveCfg = Release|Any CPU
		{A7BBFF99-FE3B-4170-9A4A-2AD79C5E8AF0}.Release|Any CPU.Build.0 = Release|Any CPU
		{E1B3D165-B5B4-491A-95B2-C2BB96CF4318}.Debug|Any CPU.ActiveCfg = Debug|Any CPU
		{E1B3D165-B5B4-491A-95B2-C2BB96CF4318}.Debug|Any CPU.Build.0 = Debug|Any CPU
		{E1B3D165-B5B4-491A-95B2-C2BB96CF4318}.Release|Any CPU.ActiveCfg = Release|Any CPU
		{E1B3D165-B5B4-491A-95B2-C2BB96CF4318}.Release|Any CPU.Build.0 = Release|Any CPU
		{0ABDD835-D014-481B-B3BB-3B41B90C940F}.Debug|Any CPU.ActiveCfg = Debug|Any CPU
		{0ABDD835-D014-481B-B3BB-3B41B90C940F}.Debug|Any CPU.Build.0 = Debug|Any CPU
		{0ABDD835-D014-481B-B3BB-3B41B90C940F}.Release|Any CPU.ActiveCfg = Release|Any CPU
		{0ABDD835-D014-481B-B3BB-3B41B90C940F}.Release|Any CPU.Build.0 = Release|Any CPU
		{85835BCD-4F6F-436B-ADA2-5AE5ED334F20}.Debug|Any CPU.ActiveCfg = Debug|Any CPU
		{85835BCD-4F6F-436B-ADA2-5AE5ED334F20}.Debug|Any CPU.Build.0 = Debug|Any CPU
		{85835BCD-4F6F-436B-ADA2-5AE5ED334F20}.Release|Any CPU.ActiveCfg = Release|Any CPU
		{85835BCD-4F6F-436B-ADA2-5AE5ED334F20}.Release|Any CPU.Build.0 = Release|Any CPU
		{2424A7AD-D04B-4E53-8716-4CCD035EDA62}.Debug|Any CPU.ActiveCfg = Debug|Any CPU
		{2424A7AD-D04B-4E53-8716-4CCD035EDA62}.Debug|Any CPU.Build.0 = Debug|Any CPU
		{2424A7AD-D04B-4E53-8716-4CCD035EDA62}.Release|Any CPU.ActiveCfg = Release|Any CPU
		{2424A7AD-D04B-4E53-8716-4CCD035EDA62}.Release|Any CPU.Build.0 = Release|Any CPU
		{41598DED-3B53-4A94-8CD8-3C32A5057C29}.Debug|Any CPU.ActiveCfg = Debug|Any CPU
		{41598DED-3B53-4A94-8CD8-3C32A5057C29}.Debug|Any CPU.Build.0 = Debug|Any CPU
		{41598DED-3B53-4A94-8CD8-3C32A5057C29}.Release|Any CPU.ActiveCfg = Release|Any CPU
		{41598DED-3B53-4A94-8CD8-3C32A5057C29}.Release|Any CPU.Build.0 = Release|Any CPU
		{BBC46882-363C-4D5A-82F9-0C5CCD3FAE02}.Debug|Any CPU.ActiveCfg = Debug|Any CPU
		{BBC46882-363C-4D5A-82F9-0C5CCD3FAE02}.Debug|Any CPU.Build.0 = Debug|Any CPU
		{BBC46882-363C-4D5A-82F9-0C5CCD3FAE02}.Release|Any CPU.ActiveCfg = Release|Any CPU
		{BBC46882-363C-4D5A-82F9-0C5CCD3FAE02}.Release|Any CPU.Build.0 = Release|Any CPU
		{3B0A24A5-A69E-4905-9A79-0AA5E3AFE7E4}.Debug|Any CPU.ActiveCfg = Debug|Any CPU
		{3B0A24A5-A69E-4905-9A79-0AA5E3AFE7E4}.Debug|Any CPU.Build.0 = Debug|Any CPU
		{3B0A24A5-A69E-4905-9A79-0AA5E3AFE7E4}.Release|Any CPU.ActiveCfg = Release|Any CPU
		{3B0A24A5-A69E-4905-9A79-0AA5E3AFE7E4}.Release|Any CPU.Build.0 = Release|Any CPU
		{68EB59E9-FD22-4783-9571-CDC0237C781E}.Debug|Any CPU.ActiveCfg = Debug|Any CPU
		{68EB59E9-FD22-4783-9571-CDC0237C781E}.Debug|Any CPU.Build.0 = Debug|Any CPU
		{68EB59E9-FD22-4783-9571-CDC0237C781E}.Release|Any CPU.ActiveCfg = Release|Any CPU
		{68EB59E9-FD22-4783-9571-CDC0237C781E}.Release|Any CPU.Build.0 = Release|Any CPU
		{4EE3E68F-1F1C-471E-8164-7A3D2C278057}.Debug|Any CPU.ActiveCfg = Debug|Any CPU
		{4EE3E68F-1F1C-471E-8164-7A3D2C278057}.Debug|Any CPU.Build.0 = Debug|Any CPU
		{4EE3E68F-1F1C-471E-8164-7A3D2C278057}.Release|Any CPU.ActiveCfg = Release|Any CPU
		{4EE3E68F-1F1C-471E-8164-7A3D2C278057}.Release|Any CPU.Build.0 = Release|Any CPU
		{099689CE-5178-44FB-BE39-A36DCE9F3FB3}.Debug|Any CPU.ActiveCfg = Debug|Any CPU
		{099689CE-5178-44FB-BE39-A36DCE9F3FB3}.Debug|Any CPU.Build.0 = Debug|Any CPU
		{099689CE-5178-44FB-BE39-A36DCE9F3FB3}.Release|Any CPU.ActiveCfg = Release|Any CPU
		{099689CE-5178-44FB-BE39-A36DCE9F3FB3}.Release|Any CPU.Build.0 = Release|Any CPU
		{71C147E2-6BDB-4DD6-B594-25765DD40BF6}.Debug|Any CPU.ActiveCfg = Debug|Any CPU
		{71C147E2-6BDB-4DD6-B594-25765DD40BF6}.Debug|Any CPU.Build.0 = Debug|Any CPU
		{71C147E2-6BDB-4DD6-B594-25765DD40BF6}.Release|Any CPU.ActiveCfg = Release|Any CPU
		{71C147E2-6BDB-4DD6-B594-25765DD40BF6}.Release|Any CPU.Build.0 = Release|Any CPU
		{5FD85872-A272-4C0C-A9CA-F794C8DEAEA5}.Debug|Any CPU.ActiveCfg = Debug|Any CPU
		{5FD85872-A272-4C0C-A9CA-F794C8DEAEA5}.Debug|Any CPU.Build.0 = Debug|Any CPU
		{5FD85872-A272-4C0C-A9CA-F794C8DEAEA5}.Release|Any CPU.ActiveCfg = Release|Any CPU
		{5FD85872-A272-4C0C-A9CA-F794C8DEAEA5}.Release|Any CPU.Build.0 = Release|Any CPU
		{2D9735AE-5975-4E6A-A41A-A79783FF4202}.Debug|Any CPU.ActiveCfg = Debug|Any CPU
		{2D9735AE-5975-4E6A-A41A-A79783FF4202}.Debug|Any CPU.Build.0 = Debug|Any CPU
		{2D9735AE-5975-4E6A-A41A-A79783FF4202}.Release|Any CPU.ActiveCfg = Release|Any CPU
		{2D9735AE-5975-4E6A-A41A-A79783FF4202}.Release|Any CPU.Build.0 = Release|Any CPU
		{3C552975-D849-46B9-9EF7-51B59C754C22}.Debug|Any CPU.ActiveCfg = Debug|Any CPU
		{3C552975-D849-46B9-9EF7-51B59C754C22}.Debug|Any CPU.Build.0 = Debug|Any CPU
		{3C552975-D849-46B9-9EF7-51B59C754C22}.Release|Any CPU.ActiveCfg = Release|Any CPU
		{3C552975-D849-46B9-9EF7-51B59C754C22}.Release|Any CPU.Build.0 = Release|Any CPU
		{A8F97280-7637-49CA-8B71-C96F6B790FAB}.Debug|Any CPU.ActiveCfg = Debug|Any CPU
		{A8F97280-7637-49CA-8B71-C96F6B790FAB}.Debug|Any CPU.Build.0 = Debug|Any CPU
		{A8F97280-7637-49CA-8B71-C96F6B790FAB}.Release|Any CPU.ActiveCfg = Release|Any CPU
		{A8F97280-7637-49CA-8B71-C96F6B790FAB}.Release|Any CPU.Build.0 = Release|Any CPU
		{3523E1EB-BD25-4F93-A235-E6321A819C30}.Debug|Any CPU.ActiveCfg = Debug|Any CPU
		{3523E1EB-BD25-4F93-A235-E6321A819C30}.Debug|Any CPU.Build.0 = Debug|Any CPU
		{3523E1EB-BD25-4F93-A235-E6321A819C30}.Release|Any CPU.ActiveCfg = Release|Any CPU
		{3523E1EB-BD25-4F93-A235-E6321A819C30}.Release|Any CPU.Build.0 = Release|Any CPU
		{DC8C9DD0-3B14-40B2-876F-4539847E86BD}.Debug|Any CPU.ActiveCfg = Debug|Any CPU
		{DC8C9DD0-3B14-40B2-876F-4539847E86BD}.Debug|Any CPU.Build.0 = Debug|Any CPU
		{DC8C9DD0-3B14-40B2-876F-4539847E86BD}.Release|Any CPU.ActiveCfg = Release|Any CPU
		{DC8C9DD0-3B14-40B2-876F-4539847E86BD}.Release|Any CPU.Build.0 = Release|Any CPU
		{CDA6B66B-46CB-4CC3-83E6-9F6482100EEB}.Debug|Any CPU.ActiveCfg = Debug|Any CPU
		{CDA6B66B-46CB-4CC3-83E6-9F6482100EEB}.Debug|Any CPU.Build.0 = Debug|Any CPU
		{CDA6B66B-46CB-4CC3-83E6-9F6482100EEB}.Release|Any CPU.ActiveCfg = Release|Any CPU
		{CDA6B66B-46CB-4CC3-83E6-9F6482100EEB}.Release|Any CPU.Build.0 = Release|Any CPU
		{41374AE8-6586-4A32-92C2-A38C7ABC0DB2}.Debug|Any CPU.ActiveCfg = Debug|Any CPU
		{41374AE8-6586-4A32-92C2-A38C7ABC0DB2}.Debug|Any CPU.Build.0 = Debug|Any CPU
		{41374AE8-6586-4A32-92C2-A38C7ABC0DB2}.Release|Any CPU.ActiveCfg = Release|Any CPU
		{41374AE8-6586-4A32-92C2-A38C7ABC0DB2}.Release|Any CPU.Build.0 = Release|Any CPU
		{E48BFA7D-1AC7-4442-ABD6-6F931F6B356B}.Debug|Any CPU.ActiveCfg = Debug|Any CPU
		{E48BFA7D-1AC7-4442-ABD6-6F931F6B356B}.Debug|Any CPU.Build.0 = Debug|Any CPU
		{E48BFA7D-1AC7-4442-ABD6-6F931F6B356B}.Release|Any CPU.ActiveCfg = Release|Any CPU
		{E48BFA7D-1AC7-4442-ABD6-6F931F6B356B}.Release|Any CPU.Build.0 = Release|Any CPU
		{9257A908-87CA-4DB8-ACCA-8923F45265F1}.Debug|Any CPU.ActiveCfg = Debug|Any CPU
		{9257A908-87CA-4DB8-ACCA-8923F45265F1}.Debug|Any CPU.Build.0 = Debug|Any CPU
		{9257A908-87CA-4DB8-ACCA-8923F45265F1}.Release|Any CPU.ActiveCfg = Release|Any CPU
		{9257A908-87CA-4DB8-ACCA-8923F45265F1}.Release|Any CPU.Build.0 = Release|Any CPU
		{65959C06-6277-401F-9644-AAF1BC4AB67B}.Debug|Any CPU.ActiveCfg = Debug|Any CPU
		{65959C06-6277-401F-9644-AAF1BC4AB67B}.Debug|Any CPU.Build.0 = Debug|Any CPU
		{65959C06-6277-401F-9644-AAF1BC4AB67B}.Release|Any CPU.ActiveCfg = Release|Any CPU
		{65959C06-6277-401F-9644-AAF1BC4AB67B}.Release|Any CPU.Build.0 = Release|Any CPU
		{BC655EF8-A1B2-48E3-8B94-A1F7399280E6}.Debug|Any CPU.ActiveCfg = Debug|Any CPU
		{BC655EF8-A1B2-48E3-8B94-A1F7399280E6}.Debug|Any CPU.Build.0 = Debug|Any CPU
		{BC655EF8-A1B2-48E3-8B94-A1F7399280E6}.Release|Any CPU.ActiveCfg = Release|Any CPU
		{BC655EF8-A1B2-48E3-8B94-A1F7399280E6}.Release|Any CPU.Build.0 = Release|Any CPU
		{CA0BF3DF-56D5-485A-8832-666335FF42C2}.Debug|Any CPU.ActiveCfg = Debug|Any CPU
		{CA0BF3DF-56D5-485A-8832-666335FF42C2}.Debug|Any CPU.Build.0 = Debug|Any CPU
		{CA0BF3DF-56D5-485A-8832-666335FF42C2}.Release|Any CPU.ActiveCfg = Release|Any CPU
		{CA0BF3DF-56D5-485A-8832-666335FF42C2}.Release|Any CPU.Build.0 = Release|Any CPU
		{E4EDA424-BF15-4104-8448-0F99C12C6649}.Debug|Any CPU.ActiveCfg = Debug|Any CPU
		{E4EDA424-BF15-4104-8448-0F99C12C6649}.Debug|Any CPU.Build.0 = Debug|Any CPU
		{E4EDA424-BF15-4104-8448-0F99C12C6649}.Release|Any CPU.ActiveCfg = Release|Any CPU
		{E4EDA424-BF15-4104-8448-0F99C12C6649}.Release|Any CPU.Build.0 = Release|Any CPU
		{82EA8CCE-2E1A-41EA-B36B-C18A8166BEF2}.Debug|Any CPU.ActiveCfg = Debug|Any CPU
		{82EA8CCE-2E1A-41EA-B36B-C18A8166BEF2}.Debug|Any CPU.Build.0 = Debug|Any CPU
		{82EA8CCE-2E1A-41EA-B36B-C18A8166BEF2}.Release|Any CPU.ActiveCfg = Release|Any CPU
		{82EA8CCE-2E1A-41EA-B36B-C18A8166BEF2}.Release|Any CPU.Build.0 = Release|Any CPU
		{BB5D312F-4262-4B2A-A813-B4EDED627553}.Debug|Any CPU.ActiveCfg = Debug|Any CPU
		{BB5D312F-4262-4B2A-A813-B4EDED627553}.Debug|Any CPU.Build.0 = Debug|Any CPU
		{BB5D312F-4262-4B2A-A813-B4EDED627553}.Release|Any CPU.ActiveCfg = Release|Any CPU
		{BB5D312F-4262-4B2A-A813-B4EDED627553}.Release|Any CPU.Build.0 = Release|Any CPU
		{99A48A7A-C34A-45E8-B49A-4A638DBF0F04}.Debug|Any CPU.ActiveCfg = Debug|Any CPU
		{99A48A7A-C34A-45E8-B49A-4A638DBF0F04}.Debug|Any CPU.Build.0 = Debug|Any CPU
		{99A48A7A-C34A-45E8-B49A-4A638DBF0F04}.Release|Any CPU.ActiveCfg = Release|Any CPU
		{99A48A7A-C34A-45E8-B49A-4A638DBF0F04}.Release|Any CPU.Build.0 = Release|Any CPU
		{7C120DBA-0639-46C6-B197-5593726A47A5}.Debug|Any CPU.ActiveCfg = Debug|Any CPU
		{7C120DBA-0639-46C6-B197-5593726A47A5}.Debug|Any CPU.Build.0 = Debug|Any CPU
		{7C120DBA-0639-46C6-B197-5593726A47A5}.Release|Any CPU.ActiveCfg = Release|Any CPU
		{7C120DBA-0639-46C6-B197-5593726A47A5}.Release|Any CPU.Build.0 = Release|Any CPU
		{3F056717-C63E-4C14-BEF6-D2A5C8A6A799}.Debug|Any CPU.ActiveCfg = Debug|Any CPU
		{3F056717-C63E-4C14-BEF6-D2A5C8A6A799}.Debug|Any CPU.Build.0 = Debug|Any CPU
		{3F056717-C63E-4C14-BEF6-D2A5C8A6A799}.Release|Any CPU.ActiveCfg = Release|Any CPU
		{3F056717-C63E-4C14-BEF6-D2A5C8A6A799}.Release|Any CPU.Build.0 = Release|Any CPU
		{31ADDB84-A321-430A-A3D8-85D182853314}.Debug|Any CPU.ActiveCfg = Debug|Any CPU
		{31ADDB84-A321-430A-A3D8-85D182853314}.Debug|Any CPU.Build.0 = Debug|Any CPU
		{31ADDB84-A321-430A-A3D8-85D182853314}.Release|Any CPU.ActiveCfg = Release|Any CPU
		{31ADDB84-A321-430A-A3D8-85D182853314}.Release|Any CPU.Build.0 = Release|Any CPU
		{00E5D552-48DF-406F-A0FA-8ECEDD3B7038}.Debug|Any CPU.ActiveCfg = Debug|Any CPU
		{00E5D552-48DF-406F-A0FA-8ECEDD3B7038}.Debug|Any CPU.Build.0 = Debug|Any CPU
		{00E5D552-48DF-406F-A0FA-8ECEDD3B7038}.Release|Any CPU.ActiveCfg = Release|Any CPU
		{00E5D552-48DF-406F-A0FA-8ECEDD3B7038}.Release|Any CPU.Build.0 = Release|Any CPU
		{C79B74FB-B026-481A-A1A9-634E7D921C70}.Debug|Any CPU.ActiveCfg = Debug|Any CPU
		{C79B74FB-B026-481A-A1A9-634E7D921C70}.Debug|Any CPU.Build.0 = Debug|Any CPU
		{C79B74FB-B026-481A-A1A9-634E7D921C70}.Release|Any CPU.ActiveCfg = Release|Any CPU
		{C79B74FB-B026-481A-A1A9-634E7D921C70}.Release|Any CPU.Build.0 = Release|Any CPU
		{2C010F1D-F747-4D6A-962F-FFF055CFC6F9}.Debug|Any CPU.ActiveCfg = Debug|Any CPU
		{2C010F1D-F747-4D6A-962F-FFF055CFC6F9}.Debug|Any CPU.Build.0 = Debug|Any CPU
		{2C010F1D-F747-4D6A-962F-FFF055CFC6F9}.Release|Any CPU.ActiveCfg = Release|Any CPU
		{2C010F1D-F747-4D6A-962F-FFF055CFC6F9}.Release|Any CPU.Build.0 = Release|Any CPU
		{87C31A9E-A1A7-4DCD-9E15-A1E08C7A72C8}.Debug|Any CPU.ActiveCfg = Debug|Any CPU
		{87C31A9E-A1A7-4DCD-9E15-A1E08C7A72C8}.Debug|Any CPU.Build.0 = Debug|Any CPU
		{87C31A9E-A1A7-4DCD-9E15-A1E08C7A72C8}.Release|Any CPU.ActiveCfg = Release|Any CPU
		{87C31A9E-A1A7-4DCD-9E15-A1E08C7A72C8}.Release|Any CPU.Build.0 = Release|Any CPU
		{B092B823-377C-42F9-B752-0107B4D09499}.Debug|Any CPU.ActiveCfg = Debug|Any CPU
		{B092B823-377C-42F9-B752-0107B4D09499}.Debug|Any CPU.Build.0 = Debug|Any CPU
		{B092B823-377C-42F9-B752-0107B4D09499}.Release|Any CPU.ActiveCfg = Release|Any CPU
		{B092B823-377C-42F9-B752-0107B4D09499}.Release|Any CPU.Build.0 = Release|Any CPU
	EndGlobalSection
	GlobalSection(SolutionProperties) = preSolution
		HideSolutionNode = FALSE
	EndGlobalSection
	GlobalSection(ExtensibilityGlobals) = postSolution
		SolutionGuid = {14C18B82-CA99-4CEE-9E7A-35316A8DDC01}
	EndGlobalSection
EndGlobal
